
Microsoft Visual Studio Solution File, Format Version 12.00
# Visual Studio 15
VisualStudioVersion = 15.0.28307.1259
MinimumVisualStudioVersion = 10.0.40219.1
Project("{FAE04EC0-301F-11D3-BF4B-00C04F79EFBC}") = "Běžící text", "Běžící text\Běžící text.csproj", "{55D5D888-3BD7-471C-AA60-474B16F164B5}"
EndProject
Global
	GlobalSection(SolutionConfigurationPlatforms) = preSolution
		Debug|Any CPU = Debug|Any CPU
		Release|Any CPU = Release|Any CPU
	EndGlobalSection
	GlobalSection(ProjectConfigurationPlatforms) = postSolution
		{55D5D888-3BD7-471C-AA60-474B16F164B5}.Debug|Any CPU.ActiveCfg = Debug|Any CPU
		{55D5D888-3BD7-471C-AA60-474B16F164B5}.Debug|Any CPU.Build.0 = Debug|Any CPU
		{55D5D888-3BD7-471C-AA60-474B16F164B5}.Release|Any CPU.ActiveCfg = Release|Any CPU
		{55D5D888-3BD7-471C-AA60-474B16F164B5}.Release|Any CPU.Build.0 = Release|Any CPU
	EndGlobalSection
	GlobalSection(SolutionProperties) = preSolution
		HideSolutionNode = FALSE
	EndGlobalSection
	GlobalSection(ExtensibilityGlobals) = postSolution
		SolutionGuid = {B1CE2357-D0DA-436C-A0C4-3BA6B3D5E7C6}
	EndGlobalSection
EndGlobal
